# This file is automatically @generated by Cargo.
# It is not intended for manual editing.
version = 3

[[package]]
name = "advent_2020_common"
version = "0.1.0"

[[package]]
name = "advent_2020_day_1"
version = "0.1.0"
dependencies = [
 "advent_2020_common",
]

[[package]]
name = "advent_2020_day_2"
version = "0.1.0"
dependencies = [
 "advent_2020_common",
]

[[package]]
name = "advent_2020_day_3"
version = "0.1.0"
dependencies = [
 "advent_2020_common",
]
